// !$*UTF8*$!
{
	archiveVersion = 1;
	classes = {
	};
	objectVersion = 46;
	objects = {

/* Begin PBXBuildFile section */
		9A0D9A851C76ABD30013C976 /* ExistentialCollections+Private.swift in Sources */ = {isa = PBXBuildFile; fileRef = 9A2997E21C510BAD00801A30 /* ExistentialCollections+Private.swift */; };
		9A0D9A861C76ABD30013C976 /* ReactiveArray.swift in Sources */ = {isa = PBXBuildFile; fileRef = 9A2997E31C510BAD00801A30 /* ReactiveArray.swift */; };
		9A0D9A881C76ABD30013C976 /* SectionedCollection.swift in Sources */ = {isa = PBXBuildFile; fileRef = 9A2997E51C510BAD00801A30 /* SectionedCollection.swift */; };
		9A0D9A891C76ABD30013C976 /* ObjectSet.swift in Sources */ = {isa = PBXBuildFile; fileRef = 9A39A6661BC958E100FC86E1 /* ObjectSet.swift */; };
		9A0D9A8A1C76ABD30013C976 /* ViewModel.swift in Sources */ = {isa = PBXBuildFile; fileRef = 9A39A66A1BC958E100FC86E1 /* ViewModel.swift */; };
		9A0D9A8B1C76ABD30013C976 /* ViewModelMappingSet.swift in Sources */ = {isa = PBXBuildFile; fileRef = 9A39A6591BC958E100FC86E1 /* ViewModelMappingSet.swift */; };
		9A0D9A8C1C76ABD30013C976 /* StdlibCollections+PrivateExtension.swift in Sources */ = {isa = PBXBuildFile; fileRef = 9A2997EB1C510BB700801A30 /* StdlibCollections+PrivateExtension.swift */; };
		9A0D9A8D1C76ABD30013C976 /* CocoaBridgeable.swift in Sources */ = {isa = PBXBuildFile; fileRef = 9A2997EF1C510BD100801A30 /* CocoaBridgeable.swift */; };
		9A0D9A8E1C76ABD30013C976 /* ManagedObjectContext+Extension.swift in Sources */ = {isa = PBXBuildFile; fileRef = 9A2997F01C510BD100801A30 /* ManagedObjectContext+Extension.swift */; };
		9A0D9A8F1C76ABD30013C976 /* ObjectQuery.swift in Sources */ = {isa = PBXBuildFile; fileRef = 9A2997F11C510BD100801A30 /* ObjectQuery.swift */; };
		9A0D9A901C76ABD30013C976 /* ManagedObject+Extension.swift in Sources */ = {isa = PBXBuildFile; fileRef = 9A39A65E1BC958E100FC86E1 /* ManagedObject+Extension.swift */; };
		9A0D9A971C76ABD30013C976 /* Assertions.swift in Sources */ = {isa = PBXBuildFile; fileRef = 9A2997F71C510BE900801A30 /* Assertions.swift */; };
		9A0D9A981C76ABD30013C976 /* Base.swift in Sources */ = {isa = PBXBuildFile; fileRef = 9A2997F81C510BE900801A30 /* Base.swift */; };
		9A0D9A9A1C76ABD30013C976 /* NSManagedObjectContext+Additions.m in Sources */ = {isa = PBXBuildFile; fileRef = 9A55779F1C1EBC7F00789E02 /* NSManagedObjectContext+Additions.m */; };
		9A0D9A9B1C76ABE00013C976 /* NSManagedObjectContext+Additions.h in Headers */ = {isa = PBXBuildFile; fileRef = 9A2997FD1C510BF100801A30 /* NSManagedObjectContext+Additions.h */; settings = {ATTRIBUTES = (Public, ); }; };
		9A0D9A9C1C76ADA90013C976 /* MantleData.h in Headers */ = {isa = PBXBuildFile; fileRef = 9A39A6611BC958E100FC86E1 /* MantleData.h */; settings = {ATTRIBUTES = (Public, ); }; };
		9A141A3E1C495E500049BEC9 /* ViewModelMappingSet.swift in Sources */ = {isa = PBXBuildFile; fileRef = 9A39A6591BC958E100FC86E1 /* ViewModelMappingSet.swift */; };
		9A2997E71C510BAD00801A30 /* ExistentialCollections+Private.swift in Sources */ = {isa = PBXBuildFile; fileRef = 9A2997E21C510BAD00801A30 /* ExistentialCollections+Private.swift */; };
		9A2997E81C510BAD00801A30 /* ReactiveArray.swift in Sources */ = {isa = PBXBuildFile; fileRef = 9A2997E31C510BAD00801A30 /* ReactiveArray.swift */; };
		9A2997EA1C510BAD00801A30 /* SectionedCollection.swift in Sources */ = {isa = PBXBuildFile; fileRef = 9A2997E51C510BAD00801A30 /* SectionedCollection.swift */; };
		9A2997ED1C510BB700801A30 /* StdlibCollections+PrivateExtension.swift in Sources */ = {isa = PBXBuildFile; fileRef = 9A2997EB1C510BB700801A30 /* StdlibCollections+PrivateExtension.swift */; };
		9A2997F21C510BD100801A30 /* CocoaBridgeable.swift in Sources */ = {isa = PBXBuildFile; fileRef = 9A2997EF1C510BD100801A30 /* CocoaBridgeable.swift */; };
		9A2997F31C510BD100801A30 /* ManagedObjectContext+Extension.swift in Sources */ = {isa = PBXBuildFile; fileRef = 9A2997F01C510BD100801A30 /* ManagedObjectContext+Extension.swift */; };
		9A2997F41C510BD100801A30 /* ObjectQuery.swift in Sources */ = {isa = PBXBuildFile; fileRef = 9A2997F11C510BD100801A30 /* ObjectQuery.swift */; };
		9A2997F61C510BDB00801A30 /* NSObject+Extension.swift in Sources */ = {isa = PBXBuildFile; fileRef = 9A2997F51C510BDB00801A30 /* NSObject+Extension.swift */; };
		9A2997FA1C510BE900801A30 /* Assertions.swift in Sources */ = {isa = PBXBuildFile; fileRef = 9A2997F71C510BE900801A30 /* Assertions.swift */; };
		9A2997FB1C510BE900801A30 /* Base.swift in Sources */ = {isa = PBXBuildFile; fileRef = 9A2997F81C510BE900801A30 /* Base.swift */; };
		9A2997FE1C510BF100801A30 /* NSManagedObjectContext+Additions.h in Headers */ = {isa = PBXBuildFile; fileRef = 9A2997FD1C510BF100801A30 /* NSManagedObjectContext+Additions.h */; settings = {ATTRIBUTES = (Public, ); }; };
		9A2CFDAE1D81C4040051B1DD /* FlattenSectionedCollection.swift in Sources */ = {isa = PBXBuildFile; fileRef = 9A2CFDAD1D81C4040051B1DD /* FlattenSectionedCollection.swift */; };
		9A2CFDAF1D81C4040051B1DD /* FlattenSectionedCollection.swift in Sources */ = {isa = PBXBuildFile; fileRef = 9A2CFDAD1D81C4040051B1DD /* FlattenSectionedCollection.swift */; };
		9A2D52C11D179CC900FEBC05 /* ManagedObjectID.swift in Sources */ = {isa = PBXBuildFile; fileRef = 9A2D52C01D179CC900FEBC05 /* ManagedObjectID.swift */; };
		9A2D52C21D179CC900FEBC05 /* ManagedObjectID.swift in Sources */ = {isa = PBXBuildFile; fileRef = 9A2D52C01D179CC900FEBC05 /* ManagedObjectID.swift */; };
		9A36ADEE1CCCAE44001D4449 /* ReactiveCocoa+Additions.swift in Sources */ = {isa = PBXBuildFile; fileRef = 9A36ADED1CCCAE44001D4449 /* ReactiveCocoa+Additions.swift */; };
		9A36ADEF1CCCAE44001D4449 /* ReactiveCocoa+Additions.swift in Sources */ = {isa = PBXBuildFile; fileRef = 9A36ADED1CCCAE44001D4449 /* ReactiveCocoa+Additions.swift */; };
		9A39A6701BC958E100FC86E1 /* ManagedObject+Extension.swift in Sources */ = {isa = PBXBuildFile; fileRef = 9A39A65E1BC958E100FC86E1 /* ManagedObject+Extension.swift */; };
		9A39A6731BC958E100FC86E1 /* MantleData.h in Headers */ = {isa = PBXBuildFile; fileRef = 9A39A6611BC958E100FC86E1 /* MantleData.h */; settings = {ATTRIBUTES = (Public, ); }; };
		9A39A6781BC958E100FC86E1 /* ObjectSet.swift in Sources */ = {isa = PBXBuildFile; fileRef = 9A39A6661BC958E100FC86E1 /* ObjectSet.swift */; };
		9A3B154C1D1D390300E14071 /* CoreData.framework in Frameworks */ = {isa = PBXBuildFile; fileRef = 9A3B154B1D1D390300E14071 /* CoreData.framework */; };
		9A3B15521D1D397E00E14071 /* ReactiveCocoa.framework in Frameworks */ = {isa = PBXBuildFile; fileRef = 9A3B15511D1D397E00E14071 /* ReactiveCocoa.framework */; };
		9A3B15541D1D398300E14071 /* Result.framework in Frameworks */ = {isa = PBXBuildFile; fileRef = 9A3B15531D1D398300E14071 /* Result.framework */; };
		9A511A3D1CDE47850098D30B /* ObjectSetPrefetcher.swift in Sources */ = {isa = PBXBuildFile; fileRef = 9A511A3C1CDE47850098D30B /* ObjectSetPrefetcher.swift */; };
		9A511A3E1CDE47850098D30B /* ObjectSetPrefetcher.swift in Sources */ = {isa = PBXBuildFile; fileRef = 9A511A3C1CDE47850098D30B /* ObjectSetPrefetcher.swift */; };
		9A5577A01C1EBC7F00789E02 /* NSManagedObjectContext+Additions.m in Sources */ = {isa = PBXBuildFile; fileRef = 9A55779F1C1EBC7F00789E02 /* NSManagedObjectContext+Additions.m */; };
		9A6717561D9DD4080026F2C1 /* ReactiveSwift.framework in Frameworks */ = {isa = PBXBuildFile; fileRef = 9A6717551D9DD4080026F2C1 /* ReactiveSwift.framework */; };
		9A6717581D9DD40E0026F2C1 /* ReactiveSwift.framework in Frameworks */ = {isa = PBXBuildFile; fileRef = 9A6717571D9DD40E0026F2C1 /* ReactiveSwift.framework */; };
		9A7A7B201CE381DB0030674B /* EditorPool.swift in Sources */ = {isa = PBXBuildFile; fileRef = 9A7A7B1F1CE381DB0030674B /* EditorPool.swift */; };
		9A7A7B211CE381DB0030674B /* EditorPool.swift in Sources */ = {isa = PBXBuildFile; fileRef = 9A7A7B1F1CE381DB0030674B /* EditorPool.swift */; };
		9A8C41AF1C495B50002BDBEE /* ViewModel.swift in Sources */ = {isa = PBXBuildFile; fileRef = 9A39A66A1BC958E100FC86E1 /* ViewModel.swift */; };
		9A999FDA1CD64E3A009AA161 /* Editor.swift in Sources */ = {isa = PBXBuildFile; fileRef = 9A999FD91CD64E3A009AA161 /* Editor.swift */; };
		9A999FDB1CD64E3A009AA161 /* Editor.swift in Sources */ = {isa = PBXBuildFile; fileRef = 9A999FD91CD64E3A009AA161 /* Editor.swift */; };
		9ACB1FAC1CDC69720010555B /* ReactiveSetEvent.swift in Sources */ = {isa = PBXBuildFile; fileRef = 9ACB1FA91CDC69720010555B /* ReactiveSetEvent.swift */; };
		9ACB1FB11CDC698A0010555B /* Foundation+Extension.swift in Sources */ = {isa = PBXBuildFile; fileRef = 9ACB1FAF1CDC698A0010555B /* Foundation+Extension.swift */; };
		9ACB1FB21CDC698A0010555B /* Foundation+Extension.swift in Sources */ = {isa = PBXBuildFile; fileRef = 9ACB1FAF1CDC698A0010555B /* Foundation+Extension.swift */; };
		9ACB1FB31CDC698A0010555B /* StdlibCollections+Extension.swift in Sources */ = {isa = PBXBuildFile; fileRef = 9ACB1FB01CDC698A0010555B /* StdlibCollections+Extension.swift */; };
		9ACB1FB41CDC698A0010555B /* StdlibCollections+Extension.swift in Sources */ = {isa = PBXBuildFile; fileRef = 9ACB1FB01CDC698A0010555B /* StdlibCollections+Extension.swift */; };
		9ACB1FB51CDC69A20010555B /* ReactiveSetEvent.swift in Sources */ = {isa = PBXBuildFile; fileRef = 9ACB1FA91CDC69720010555B /* ReactiveSetEvent.swift */; };
		9ACB1FB91CDC69A20010555B /* NSObject+Extension.swift in Sources */ = {isa = PBXBuildFile; fileRef = 9A2997F51C510BDB00801A30 /* NSObject+Extension.swift */; };
		9AD114831D1CF1210067F20C /* ExistentialCollections.swift in Sources */ = {isa = PBXBuildFile; fileRef = 9AD114821D1CF1210067F20C /* ExistentialCollections.swift */; };
		9AD114841D1CF1210067F20C /* ExistentialCollections.swift in Sources */ = {isa = PBXBuildFile; fileRef = 9AD114821D1CF1210067F20C /* ExistentialCollections.swift */; };
		9AD7A2071DA1338E00EAA24A /* MantleData.framework in Frameworks */ = {isa = PBXBuildFile; fileRef = 9A0D9A761C76AB9A0013C976 /* MantleData.framework */; };
		9AD7A2161DA133D200EAA24A /* MantleData.framework in Frameworks */ = {isa = PBXBuildFile; fileRef = 9AFFA50D1BC7CBEC00B63C58 /* MantleData.framework */; };
		9AE44A211D7447620000CB17 /* ReactiveCocoa.framework in Frameworks */ = {isa = PBXBuildFile; fileRef = 9AE44A201D7447620000CB17 /* ReactiveCocoa.framework */; };
		9AE44A231D7447660000CB17 /* Result.framework in Frameworks */ = {isa = PBXBuildFile; fileRef = 9AE44A221D7447660000CB17 /* Result.framework */; };
		9AE44A251D74476C0000CB17 /* CoreData.framework in Frameworks */ = {isa = PBXBuildFile; fileRef = 9AE44A241D74476C0000CB17 /* CoreData.framework */; };
		9AE44A4B1D74519D0000CB17 /* UICollectionViewAdapter.swift in Sources */ = {isa = PBXBuildFile; fileRef = 9AE44A471D74519C0000CB17 /* UICollectionViewAdapter.swift */; };
		9AE44A4C1D74519D0000CB17 /* UITableViewAdapter.swift in Sources */ = {isa = PBXBuildFile; fileRef = 9AE44A481D74519C0000CB17 /* UITableViewAdapter.swift */; };
		9AE44A4D1D74519D0000CB17 /* UIKit+Additions.swift in Sources */ = {isa = PBXBuildFile; fileRef = 9AE44A491D74519C0000CB17 /* UIKit+Additions.swift */; };
		9AE44A4E1D74519D0000CB17 /* UIKit+Editable.swift in Sources */ = {isa = PBXBuildFile; fileRef = 9AE44A4A1D74519C0000CB17 /* UIKit+Editable.swift */; };
		9AE44A501D7451A80000CB17 /* NSTableViewAdapter.swift in Sources */ = {isa = PBXBuildFile; fileRef = 9AE44A4F1D7451A80000CB17 /* NSTableViewAdapter.swift */; };
		9AE44A791D775CC80000CB17 /* NSCollectionViewAdapter.swift in Sources */ = {isa = PBXBuildFile; fileRef = 9AE44A781D775CC80000CB17 /* NSCollectionViewAdapter.swift */; };
/* End PBXBuildFile section */

/* Begin PBXContainerItemProxy section */
		9AD7A2081DA1338E00EAA24A /* PBXContainerItemProxy */ = {
			isa = PBXContainerItemProxy;
			containerPortal = 9AFFA5041BC7CBEC00B63C58 /* Project object */;
			proxyType = 1;
			remoteGlobalIDString = 9A0D9A751C76AB9A0013C976;
			remoteInfo = "MantleData-macOS";
		};
		9AD7A2171DA133D200EAA24A /* PBXContainerItemProxy */ = {
			isa = PBXContainerItemProxy;
			containerPortal = 9AFFA5041BC7CBEC00B63C58 /* Project object */;
			proxyType = 1;
			remoteGlobalIDString = 9AFFA50C1BC7CBEC00B63C58;
			remoteInfo = "MantleData-iOS";
		};
/* End PBXContainerItemProxy section */

/* Begin PBXFileReference section */
		9A0D9A761C76AB9A0013C976 /* MantleData.framework */ = {isa = PBXFileReference; explicitFileType = wrapper.framework; includeInIndex = 0; path = MantleData.framework; sourceTree = BUILT_PRODUCTS_DIR; };
		9A2997E21C510BAD00801A30 /* ExistentialCollections+Private.swift */ = {isa = PBXFileReference; fileEncoding = 4; lastKnownFileType = sourcecode.swift; name = "ExistentialCollections+Private.swift"; path = "MantleData/ExistentialCollections+Private.swift"; sourceTree = "<group>"; };
		9A2997E31C510BAD00801A30 /* ReactiveArray.swift */ = {isa = PBXFileReference; fileEncoding = 4; lastKnownFileType = sourcecode.swift; name = ReactiveArray.swift; path = MantleData/ReactiveArray.swift; sourceTree = "<group>"; };
		9A2997E51C510BAD00801A30 /* SectionedCollection.swift */ = {isa = PBXFileReference; fileEncoding = 4; lastKnownFileType = sourcecode.swift; name = SectionedCollection.swift; path = MantleData/SectionedCollection.swift; sourceTree = "<group>"; };
		9A2997EB1C510BB700801A30 /* StdlibCollections+PrivateExtension.swift */ = {isa = PBXFileReference; fileEncoding = 4; lastKnownFileType = sourcecode.swift; name = "StdlibCollections+PrivateExtension.swift"; path = "MantleData/StdlibCollections+PrivateExtension.swift"; sourceTree = "<group>"; };
		9A2997EF1C510BD100801A30 /* CocoaBridgeable.swift */ = {isa = PBXFileReference; fileEncoding = 4; lastKnownFileType = sourcecode.swift; name = CocoaBridgeable.swift; path = MantleData/CocoaBridgeable.swift; sourceTree = "<group>"; };
		9A2997F01C510BD100801A30 /* ManagedObjectContext+Extension.swift */ = {isa = PBXFileReference; fileEncoding = 4; lastKnownFileType = sourcecode.swift; name = "ManagedObjectContext+Extension.swift"; path = "MantleData/ManagedObjectContext+Extension.swift"; sourceTree = "<group>"; };
		9A2997F11C510BD100801A30 /* ObjectQuery.swift */ = {isa = PBXFileReference; fileEncoding = 4; lastKnownFileType = sourcecode.swift; name = ObjectQuery.swift; path = MantleData/ObjectQuery.swift; sourceTree = "<group>"; };
		9A2997F51C510BDB00801A30 /* NSObject+Extension.swift */ = {isa = PBXFileReference; fileEncoding = 4; lastKnownFileType = sourcecode.swift; name = "NSObject+Extension.swift"; path = "MantleData/NSObject+Extension.swift"; sourceTree = "<group>"; };
		9A2997F71C510BE900801A30 /* Assertions.swift */ = {isa = PBXFileReference; fileEncoding = 4; lastKnownFileType = sourcecode.swift; name = Assertions.swift; path = MantleData/Assertions.swift; sourceTree = "<group>"; };
		9A2997F81C510BE900801A30 /* Base.swift */ = {isa = PBXFileReference; fileEncoding = 4; lastKnownFileType = sourcecode.swift; name = Base.swift; path = MantleData/Base.swift; sourceTree = "<group>"; };
		9A2997FD1C510BF100801A30 /* NSManagedObjectContext+Additions.h */ = {isa = PBXFileReference; fileEncoding = 4; lastKnownFileType = sourcecode.c.h; name = "NSManagedObjectContext+Additions.h"; path = "MantleData/NSManagedObjectContext+Additions.h"; sourceTree = "<group>"; };
		9A2CFDAD1D81C4040051B1DD /* FlattenSectionedCollection.swift */ = {isa = PBXFileReference; fileEncoding = 4; lastKnownFileType = sourcecode.swift; name = FlattenSectionedCollection.swift; path = MantleData/FlattenSectionedCollection.swift; sourceTree = "<group>"; };
		9A2D52C01D179CC900FEBC05 /* ManagedObjectID.swift */ = {isa = PBXFileReference; fileEncoding = 4; lastKnownFileType = sourcecode.swift; name = ManagedObjectID.swift; path = MantleData/ManagedObjectID.swift; sourceTree = "<group>"; };
		9A36ADED1CCCAE44001D4449 /* ReactiveCocoa+Additions.swift */ = {isa = PBXFileReference; fileEncoding = 4; lastKnownFileType = sourcecode.swift; name = "ReactiveCocoa+Additions.swift"; path = "MantleData/ReactiveCocoa+Additions.swift"; sourceTree = "<group>"; };
		9A39A6591BC958E100FC86E1 /* ViewModelMappingSet.swift */ = {isa = PBXFileReference; fileEncoding = 4; lastKnownFileType = sourcecode.swift; name = ViewModelMappingSet.swift; path = MantleData/ViewModelMappingSet.swift; sourceTree = "<group>"; };
		9A39A65E1BC958E100FC86E1 /* ManagedObject+Extension.swift */ = {isa = PBXFileReference; fileEncoding = 4; lastKnownFileType = sourcecode.swift; name = "ManagedObject+Extension.swift"; path = "MantleData/ManagedObject+Extension.swift"; sourceTree = "<group>"; };
		9A39A6611BC958E100FC86E1 /* MantleData.h */ = {isa = PBXFileReference; fileEncoding = 4; lastKnownFileType = sourcecode.c.h; name = MantleData.h; path = MantleData/MantleData.h; sourceTree = "<group>"; };
		9A39A6661BC958E100FC86E1 /* ObjectSet.swift */ = {isa = PBXFileReference; fileEncoding = 4; lastKnownFileType = sourcecode.swift; name = ObjectSet.swift; path = MantleData/ObjectSet.swift; sourceTree = "<group>"; };
		9A39A66A1BC958E100FC86E1 /* ViewModel.swift */ = {isa = PBXFileReference; fileEncoding = 4; lastKnownFileType = sourcecode.swift; name = ViewModel.swift; path = MantleData/ViewModel.swift; sourceTree = "<group>"; };
		9A3B154B1D1D390300E14071 /* CoreData.framework */ = {isa = PBXFileReference; lastKnownFileType = wrapper.framework; name = CoreData.framework; path = System/Library/Frameworks/CoreData.framework; sourceTree = SDKROOT; };
		9A3B15511D1D397E00E14071 /* ReactiveCocoa.framework */ = {isa = PBXFileReference; lastKnownFileType = wrapper.framework; name = ReactiveCocoa.framework; path = "../../Library/Developer/Xcode/DerivedData/MantleData-grgztkqqdertrtbkgxchppejtpol/Build/Products/Debug-iphonesimulator/ReactiveCocoa.framework"; sourceTree = "<group>"; };
		9A3B15531D1D398300E14071 /* Result.framework */ = {isa = PBXFileReference; lastKnownFileType = wrapper.framework; name = Result.framework; path = "../../Library/Developer/Xcode/DerivedData/MantleData-grgztkqqdertrtbkgxchppejtpol/Build/Products/Debug-iphonesimulator/Result.framework"; sourceTree = "<group>"; };
		9A511A3C1CDE47850098D30B /* ObjectSetPrefetcher.swift */ = {isa = PBXFileReference; fileEncoding = 4; lastKnownFileType = sourcecode.swift; name = ObjectSetPrefetcher.swift; path = MantleData/ObjectSetPrefetcher.swift; sourceTree = "<group>"; };
		9A55779F1C1EBC7F00789E02 /* NSManagedObjectContext+Additions.m */ = {isa = PBXFileReference; fileEncoding = 4; lastKnownFileType = sourcecode.c.objc; name = "NSManagedObjectContext+Additions.m"; path = "MantleData/NSManagedObjectContext+Additions.m"; sourceTree = "<group>"; };
		9A6717531D9DD3FF0026F2C1 /* ReactiveSwift.framework */ = {isa = PBXFileReference; lastKnownFileType = wrapper.framework; name = ReactiveSwift.framework; path = "Carthage/Checkouts/ReactiveSwift/build/Debug-iphoneos/ReactiveSwift.framework"; sourceTree = "<group>"; };
		9A6717551D9DD4080026F2C1 /* ReactiveSwift.framework */ = {isa = PBXFileReference; lastKnownFileType = wrapper.framework; name = ReactiveSwift.framework; path = Carthage/Checkouts/ReactiveSwift/build/Debug/ReactiveSwift.framework; sourceTree = "<group>"; };
		9A6717571D9DD40E0026F2C1 /* ReactiveSwift.framework */ = {isa = PBXFileReference; lastKnownFileType = wrapper.framework; name = ReactiveSwift.framework; path = "Carthage/Checkouts/ReactiveSwift/build/Debug-iphoneos/ReactiveSwift.framework"; sourceTree = "<group>"; };
		9A7A7B1F1CE381DB0030674B /* EditorPool.swift */ = {isa = PBXFileReference; fileEncoding = 4; lastKnownFileType = sourcecode.swift; name = EditorPool.swift; path = MantleData/EditorPool.swift; sourceTree = "<group>"; };
		9A999FD91CD64E3A009AA161 /* Editor.swift */ = {isa = PBXFileReference; fileEncoding = 4; lastKnownFileType = sourcecode.swift; name = Editor.swift; path = MantleData/Editor.swift; sourceTree = "<group>"; };
		9ACB1FA91CDC69720010555B /* ReactiveSetEvent.swift */ = {isa = PBXFileReference; fileEncoding = 4; lastKnownFileType = sourcecode.swift; name = ReactiveSetEvent.swift; path = MantleData/ReactiveSetEvent.swift; sourceTree = "<group>"; };
		9ACB1FAF1CDC698A0010555B /* Foundation+Extension.swift */ = {isa = PBXFileReference; fileEncoding = 4; lastKnownFileType = sourcecode.swift; name = "Foundation+Extension.swift"; path = "MantleData/Foundation+Extension.swift"; sourceTree = "<group>"; };
		9ACB1FB01CDC698A0010555B /* StdlibCollections+Extension.swift */ = {isa = PBXFileReference; fileEncoding = 4; lastKnownFileType = sourcecode.swift; name = "StdlibCollections+Extension.swift"; path = "MantleData/StdlibCollections+Extension.swift"; sourceTree = "<group>"; };
		9AD114821D1CF1210067F20C /* ExistentialCollections.swift */ = {isa = PBXFileReference; fileEncoding = 4; lastKnownFileType = sourcecode.swift; name = ExistentialCollections.swift; path = MantleData/ExistentialCollections.swift; sourceTree = "<group>"; };
		9AD7A2021DA1338E00EAA24A /* MantleDataTests-macOS.xctest */ = {isa = PBXFileReference; explicitFileType = wrapper.cfbundle; includeInIndex = 0; path = "MantleDataTests-macOS.xctest"; sourceTree = BUILT_PRODUCTS_DIR; };
		9AD7A2111DA133D200EAA24A /* MantleDataTests-iOS.xctest */ = {isa = PBXFileReference; explicitFileType = wrapper.cfbundle; includeInIndex = 0; path = "MantleDataTests-iOS.xctest"; sourceTree = BUILT_PRODUCTS_DIR; };
		9AD7A2151DA133D200EAA24A /* Info.plist */ = {isa = PBXFileReference; lastKnownFileType = text.plist.xml; path = Info.plist; sourceTree = "<group>"; };
		9AE44A201D7447620000CB17 /* ReactiveCocoa.framework */ = {isa = PBXFileReference; lastKnownFileType = wrapper.framework; name = ReactiveCocoa.framework; path = Carthage/Checkouts/ReactiveCocoa/build/Debug/ReactiveCocoa.framework; sourceTree = "<group>"; };
		9AE44A221D7447660000CB17 /* Result.framework */ = {isa = PBXFileReference; lastKnownFileType = wrapper.framework; name = Result.framework; path = Carthage/Checkouts/Result/build/Debug/Result.framework; sourceTree = "<group>"; };
		9AE44A241D74476C0000CB17 /* CoreData.framework */ = {isa = PBXFileReference; lastKnownFileType = wrapper.framework; name = CoreData.framework; path = Platforms/MacOSX.platform/Developer/SDKs/MacOSX10.12.sdk/System/Library/Frameworks/CoreData.framework; sourceTree = DEVELOPER_DIR; };
		9AE44A291D74483B0000CB17 /* Info.plist */ = {isa = PBXFileReference; lastKnownFileType = text.plist.xml; name = Info.plist; path = iOS/Info.plist; sourceTree = "<group>"; };
		9AE44A2A1D7448440000CB17 /* Info.plist */ = {isa = PBXFileReference; lastKnownFileType = text.plist.xml; name = Info.plist; path = macOS/Info.plist; sourceTree = SOURCE_ROOT; };
		9AE44A471D74519C0000CB17 /* UICollectionViewAdapter.swift */ = {isa = PBXFileReference; fileEncoding = 4; lastKnownFileType = sourcecode.swift; name = UICollectionViewAdapter.swift; path = iOS/UICollectionViewAdapter.swift; sourceTree = "<group>"; };
		9AE44A481D74519C0000CB17 /* UITableViewAdapter.swift */ = {isa = PBXFileReference; fileEncoding = 4; lastKnownFileType = sourcecode.swift; name = UITableViewAdapter.swift; path = iOS/UITableViewAdapter.swift; sourceTree = "<group>"; };
		9AE44A491D74519C0000CB17 /* UIKit+Additions.swift */ = {isa = PBXFileReference; fileEncoding = 4; lastKnownFileType = sourcecode.swift; name = "UIKit+Additions.swift"; path = "iOS/UIKit+Additions.swift"; sourceTree = "<group>"; };
		9AE44A4A1D74519C0000CB17 /* UIKit+Editable.swift */ = {isa = PBXFileReference; fileEncoding = 4; lastKnownFileType = sourcecode.swift; name = "UIKit+Editable.swift"; path = "iOS/UIKit+Editable.swift"; sourceTree = "<group>"; };
		9AE44A4F1D7451A80000CB17 /* NSTableViewAdapter.swift */ = {isa = PBXFileReference; fileEncoding = 4; lastKnownFileType = sourcecode.swift; name = NSTableViewAdapter.swift; path = macOS/NSTableViewAdapter.swift; sourceTree = SOURCE_ROOT; };
		9AE44A781D775CC80000CB17 /* NSCollectionViewAdapter.swift */ = {isa = PBXFileReference; fileEncoding = 4; lastKnownFileType = sourcecode.swift; name = NSCollectionViewAdapter.swift; path = macOS/NSCollectionViewAdapter.swift; sourceTree = SOURCE_ROOT; };
		9AFFA50D1BC7CBEC00B63C58 /* MantleData.framework */ = {isa = PBXFileReference; explicitFileType = wrapper.framework; includeInIndex = 0; path = MantleData.framework; sourceTree = BUILT_PRODUCTS_DIR; };
/* End PBXFileReference section */

/* Begin PBXFrameworksBuildPhase section */
		9A0D9A721C76AB9A0013C976 /* Frameworks */ = {
			isa = PBXFrameworksBuildPhase;
			buildActionMask = 2147483647;
			files = (
				9A6717561D9DD4080026F2C1 /* ReactiveSwift.framework in Frameworks */,
				9AE44A251D74476C0000CB17 /* CoreData.framework in Frameworks */,
				9AE44A231D7447660000CB17 /* Result.framework in Frameworks */,
				9AE44A211D7447620000CB17 /* ReactiveCocoa.framework in Frameworks */,
			);
			runOnlyForDeploymentPostprocessing = 0;
		};
		9AD7A1FF1DA1338E00EAA24A /* Frameworks */ = {
			isa = PBXFrameworksBuildPhase;
			buildActionMask = 2147483647;
			files = (
				9AD7A2071DA1338E00EAA24A /* MantleData.framework in Frameworks */,
			);
			runOnlyForDeploymentPostprocessing = 0;
		};
		9AD7A20E1DA133D200EAA24A /* Frameworks */ = {
			isa = PBXFrameworksBuildPhase;
			buildActionMask = 2147483647;
			files = (
				9AD7A2161DA133D200EAA24A /* MantleData.framework in Frameworks */,
			);
			runOnlyForDeploymentPostprocessing = 0;
		};
		9AFFA5091BC7CBEC00B63C58 /* Frameworks */ = {
			isa = PBXFrameworksBuildPhase;
			buildActionMask = 2147483647;
			files = (
				9A6717581D9DD40E0026F2C1 /* ReactiveSwift.framework in Frameworks */,
				9A3B15541D1D398300E14071 /* Result.framework in Frameworks */,
				9A3B15521D1D397E00E14071 /* ReactiveCocoa.framework in Frameworks */,
				9A3B154C1D1D390300E14071 /* CoreData.framework in Frameworks */,
			);
			runOnlyForDeploymentPostprocessing = 0;
		};
/* End PBXFrameworksBuildPhase section */

/* Begin PBXGroup section */
		9A0D9A771C76AB9A0013C976 /* macOS */ = {
			isa = PBXGroup;
			children = (
				9AE44A781D775CC80000CB17 /* NSCollectionViewAdapter.swift */,
				9AE44A4F1D7451A80000CB17 /* NSTableViewAdapter.swift */,
				9AE44A2A1D7448440000CB17 /* Info.plist */,
			);
			name = macOS;
			path = "MantleData-OSX";
			sourceTree = "<group>";
		};
		9A39A61F1BC956AB00FC86E1 /* Core */ = {
			isa = PBXGroup;
			children = (
				9A6F328D1C468BE700F31983 /* Reactive Collection Protocols */,
				9ACB1FA41CDC645F0010555B /* Reactive Collection Types */,
				9A3A776C1BC96A1700ADFFE0 /* Objects */,
				9A7A7B251CE382730030674B /* Editor */,
				9A3A776D1BC96AB900ADFFE0 /* Utilities */,
				9A3A77711BC96BD200ADFFE0 /* Supporting FIles */,
			);
			name = Core;
			sourceTree = "<group>";
		};
		9A39A6201BC956BE00FC86E1 /* Frameworks */ = {
			isa = PBXGroup;
			children = (
				9A6717571D9DD40E0026F2C1 /* ReactiveSwift.framework */,
				9A6717551D9DD4080026F2C1 /* ReactiveSwift.framework */,
				9A6717531D9DD3FF0026F2C1 /* ReactiveSwift.framework */,
				9AE44A241D74476C0000CB17 /* CoreData.framework */,
				9AE44A221D7447660000CB17 /* Result.framework */,
				9AE44A201D7447620000CB17 /* ReactiveCocoa.framework */,
				9A3B15531D1D398300E14071 /* Result.framework */,
				9A3B15511D1D397E00E14071 /* ReactiveCocoa.framework */,
				9A3B154B1D1D390300E14071 /* CoreData.framework */,
			);
			name = Frameworks;
			sourceTree = "<group>";
		};
		9A3A776C1BC96A1700ADFFE0 /* Objects */ = {
			isa = PBXGroup;
			children = (
				9A2997EF1C510BD100801A30 /* CocoaBridgeable.swift */,
				9A2997F01C510BD100801A30 /* ManagedObjectContext+Extension.swift */,
				9A39A65E1BC958E100FC86E1 /* ManagedObject+Extension.swift */,
				9A2997F11C510BD100801A30 /* ObjectQuery.swift */,
				9A2D52C01D179CC900FEBC05 /* ManagedObjectID.swift */,
			);
			name = Objects;
			sourceTree = "<group>";
		};
		9A3A776D1BC96AB900ADFFE0 /* Utilities */ = {
			isa = PBXGroup;
			children = (
				9ACB1FAF1CDC698A0010555B /* Foundation+Extension.swift */,
				9A2997F51C510BDB00801A30 /* NSObject+Extension.swift */,
				9A2997EB1C510BB700801A30 /* StdlibCollections+PrivateExtension.swift */,
				9ACB1FB01CDC698A0010555B /* StdlibCollections+Extension.swift */,
				9A2997F71C510BE900801A30 /* Assertions.swift */,
				9A2997F81C510BE900801A30 /* Base.swift */,
				9A36ADED1CCCAE44001D4449 /* ReactiveCocoa+Additions.swift */,
			);
			name = Utilities;
			sourceTree = "<group>";
		};
		9A3A77711BC96BD200ADFFE0 /* Supporting FIles */ = {
			isa = PBXGroup;
			children = (
				9A39A6611BC958E100FC86E1 /* MantleData.h */,
				9A55779F1C1EBC7F00789E02 /* NSManagedObjectContext+Additions.m */,
				9A2997FD1C510BF100801A30 /* NSManagedObjectContext+Additions.h */,
			);
			name = "Supporting FIles";
			sourceTree = "<group>";
		};
		9A6F328D1C468BE700F31983 /* Reactive Collection Protocols */ = {
			isa = PBXGroup;
			children = (
				9AD114821D1CF1210067F20C /* ExistentialCollections.swift */,
				9A2997E21C510BAD00801A30 /* ExistentialCollections+Private.swift */,
				9A2997E51C510BAD00801A30 /* SectionedCollection.swift */,
				9A2CFDAD1D81C4040051B1DD /* FlattenSectionedCollection.swift */,
				9ACB1FA91CDC69720010555B /* ReactiveSetEvent.swift */,
				9A39A66A1BC958E100FC86E1 /* ViewModel.swift */,
			);
			name = "Reactive Collection Protocols";
			sourceTree = "<group>";
		};
		9A7A7B251CE382730030674B /* Editor */ = {
			isa = PBXGroup;
			children = (
				9A999FD91CD64E3A009AA161 /* Editor.swift */,
				9A7A7B1F1CE381DB0030674B /* EditorPool.swift */,
			);
			name = Editor;
			sourceTree = "<group>";
		};
		9ACB1FA41CDC645F0010555B /* Reactive Collection Types */ = {
			isa = PBXGroup;
			children = (
				9A2997E31C510BAD00801A30 /* ReactiveArray.swift */,
				9A39A6661BC958E100FC86E1 /* ObjectSet.swift */,
				9A511A3C1CDE47850098D30B /* ObjectSetPrefetcher.swift */,
				9A39A6591BC958E100FC86E1 /* ViewModelMappingSet.swift */,
			);
			name = "Reactive Collection Types";
			sourceTree = "<group>";
		};
		9AD7A2121DA133D200EAA24A /* Tests */ = {
			isa = PBXGroup;
			children = (
				9AD7A2151DA133D200EAA24A /* Info.plist */,
			);
			name = Tests;
			path = MantleDataTests;
			sourceTree = "<group>";
		};
		9AE44A261D7447870000CB17 /* iOS */ = {
			isa = PBXGroup;
			children = (
				9AE44A471D74519C0000CB17 /* UICollectionViewAdapter.swift */,
				9AE44A481D74519C0000CB17 /* UITableViewAdapter.swift */,
				9AE44A491D74519C0000CB17 /* UIKit+Additions.swift */,
				9AE44A4A1D74519C0000CB17 /* UIKit+Editable.swift */,
				9AE44A291D74483B0000CB17 /* Info.plist */,
			);
			name = iOS;
			sourceTree = "<group>";
		};
		9AFFA5031BC7CBEC00B63C58 = {
			isa = PBXGroup;
			children = (
				9A39A61F1BC956AB00FC86E1 /* Core */,
				9AE44A261D7447870000CB17 /* iOS */,
				9A0D9A771C76AB9A0013C976 /* macOS */,
				9AD7A2121DA133D200EAA24A /* Tests */,
				9AFFA50E1BC7CBEC00B63C58 /* Products */,
				9A39A6201BC956BE00FC86E1 /* Frameworks */,
			);
			sourceTree = "<group>";
		};
		9AFFA50E1BC7CBEC00B63C58 /* Products */ = {
			isa = PBXGroup;
			children = (
				9AFFA50D1BC7CBEC00B63C58 /* MantleData.framework */,
				9A0D9A761C76AB9A0013C976 /* MantleData.framework */,
				9AD7A2021DA1338E00EAA24A /* MantleDataTests-macOS.xctest */,
				9AD7A2111DA133D200EAA24A /* MantleDataTests-iOS.xctest */,
			);
			name = Products;
			sourceTree = "<group>";
		};
/* End PBXGroup section */

/* Begin PBXHeadersBuildPhase section */
		9A0D9A731C76AB9A0013C976 /* Headers */ = {
			isa = PBXHeadersBuildPhase;
			buildActionMask = 2147483647;
			files = (
				9A0D9A9B1C76ABE00013C976 /* NSManagedObjectContext+Additions.h in Headers */,
				9A0D9A9C1C76ADA90013C976 /* MantleData.h in Headers */,
			);
			runOnlyForDeploymentPostprocessing = 0;
		};
		9AFFA50A1BC7CBEC00B63C58 /* Headers */ = {
			isa = PBXHeadersBuildPhase;
			buildActionMask = 2147483647;
			files = (
				9A39A6731BC958E100FC86E1 /* MantleData.h in Headers */,
				9A2997FE1C510BF100801A30 /* NSManagedObjectContext+Additions.h in Headers */,
			);
			runOnlyForDeploymentPostprocessing = 0;
		};
/* End PBXHeadersBuildPhase section */

/* Begin PBXNativeTarget section */
		9A0D9A751C76AB9A0013C976 /* MantleData-macOS */ = {
			isa = PBXNativeTarget;
			buildConfigurationList = 9A0D9A7D1C76AB9A0013C976 /* Build configuration list for PBXNativeTarget "MantleData-macOS" */;
			buildPhases = (
				9A0D9A711C76AB9A0013C976 /* Sources */,
				9A0D9A721C76AB9A0013C976 /* Frameworks */,
				9A0D9A731C76AB9A0013C976 /* Headers */,
				9A0D9A741C76AB9A0013C976 /* Resources */,
			);
			buildRules = (
			);
			dependencies = (
			);
			name = "MantleData-macOS";
			productName = "MantleData-OSX";
			productReference = 9A0D9A761C76AB9A0013C976 /* MantleData.framework */;
			productType = "com.apple.product-type.framework";
		};
		9AD7A2011DA1338E00EAA24A /* MantleDataTests-macOS */ = {
			isa = PBXNativeTarget;
			buildConfigurationList = 9AD7A20A1DA1338E00EAA24A /* Build configuration list for PBXNativeTarget "MantleDataTests-macOS" */;
			buildPhases = (
				9AD7A1FE1DA1338E00EAA24A /* Sources */,
				9AD7A1FF1DA1338E00EAA24A /* Frameworks */,
				9AD7A2001DA1338E00EAA24A /* Resources */,
			);
			buildRules = (
			);
			dependencies = (
				9AD7A2091DA1338E00EAA24A /* PBXTargetDependency */,
			);
			name = "MantleDataTests-macOS";
			productName = MantleDataTests;
			productReference = 9AD7A2021DA1338E00EAA24A /* MantleDataTests-macOS.xctest */;
			productType = "com.apple.product-type.bundle.unit-test";
		};
		9AD7A2101DA133D200EAA24A /* MantleDataTests-iOS */ = {
			isa = PBXNativeTarget;
			buildConfigurationList = 9AD7A2191DA133D200EAA24A /* Build configuration list for PBXNativeTarget "MantleDataTests-iOS" */;
			buildPhases = (
				9AD7A20D1DA133D200EAA24A /* Sources */,
				9AD7A20E1DA133D200EAA24A /* Frameworks */,
				9AD7A20F1DA133D200EAA24A /* Resources */,
			);
			buildRules = (
			);
			dependencies = (
				9AD7A2181DA133D200EAA24A /* PBXTargetDependency */,
			);
			name = "MantleDataTests-iOS";
			productName = MantleDataTests;
			productReference = 9AD7A2111DA133D200EAA24A /* MantleDataTests-iOS.xctest */;
			productType = "com.apple.product-type.bundle.unit-test";
		};
		9AFFA50C1BC7CBEC00B63C58 /* MantleData-iOS */ = {
			isa = PBXNativeTarget;
			buildConfigurationList = 9AFFA5211BC7CBEC00B63C58 /* Build configuration list for PBXNativeTarget "MantleData-iOS" */;
			buildPhases = (
				9AFFA5081BC7CBEC00B63C58 /* Sources */,
				9AFFA5091BC7CBEC00B63C58 /* Frameworks */,
				9AFFA50A1BC7CBEC00B63C58 /* Headers */,
				9AFFA50B1BC7CBEC00B63C58 /* Resources */,
			);
			buildRules = (
			);
			dependencies = (
			);
			name = "MantleData-iOS";
			productName = CoreData.swift;
			productReference = 9AFFA50D1BC7CBEC00B63C58 /* MantleData.framework */;
			productType = "com.apple.product-type.framework";
		};
/* End PBXNativeTarget section */

/* Begin PBXProject section */
		9AFFA5041BC7CBEC00B63C58 /* Project object */ = {
			isa = PBXProject;
			attributes = {
				LastSwiftUpdateCheck = 0800;
				LastUpgradeCheck = 0710;
				ORGANIZATIONNAME = Anders;
				TargetAttributes = {
					9A0D9A751C76AB9A0013C976 = {
						CreatedOnToolsVersion = 7.3;
					};
					9AD7A2011DA1338E00EAA24A = {
						CreatedOnToolsVersion = 8.0;
						DevelopmentTeam = 5FQJ4FWHM9;
						ProvisioningStyle = Automatic;
					};
					9AD7A2101DA133D200EAA24A = {
						CreatedOnToolsVersion = 8.0;
						DevelopmentTeam = 5FQJ4FWHM9;
						ProvisioningStyle = Automatic;
					};
					9AFFA50C1BC7CBEC00B63C58 = {
						CreatedOnToolsVersion = 7.1;
						DevelopmentTeam = 5FQJ4FWHM9;
						DevelopmentTeamName = "Chung Ho HA (Personal Team)";
						LastSwiftMigration = 0800;
					};
				};
			};
			buildConfigurationList = 9AFFA5071BC7CBEC00B63C58 /* Build configuration list for PBXProject "MantleData" */;
			compatibilityVersion = "Xcode 3.2";
			developmentRegion = English;
			hasScannedForEncodings = 0;
			knownRegions = (
				en,
			);
			mainGroup = 9AFFA5031BC7CBEC00B63C58;
			productRefGroup = 9AFFA50E1BC7CBEC00B63C58 /* Products */;
			projectDirPath = "";
			projectRoot = "";
			targets = (
				9AFFA50C1BC7CBEC00B63C58 /* MantleData-iOS */,
				9A0D9A751C76AB9A0013C976 /* MantleData-macOS */,
				9AD7A2011DA1338E00EAA24A /* MantleDataTests-macOS */,
				9AD7A2101DA133D200EAA24A /* MantleDataTests-iOS */,
			);
		};
/* End PBXProject section */

/* Begin PBXResourcesBuildPhase section */
		9A0D9A741C76AB9A0013C976 /* Resources */ = {
			isa = PBXResourcesBuildPhase;
			buildActionMask = 2147483647;
			files = (
			);
			runOnlyForDeploymentPostprocessing = 0;
		};
		9AD7A2001DA1338E00EAA24A /* Resources */ = {
			isa = PBXResourcesBuildPhase;
			buildActionMask = 2147483647;
			files = (
			);
			runOnlyForDeploymentPostprocessing = 0;
		};
		9AD7A20F1DA133D200EAA24A /* Resources */ = {
			isa = PBXResourcesBuildPhase;
			buildActionMask = 2147483647;
			files = (
			);
			runOnlyForDeploymentPostprocessing = 0;
		};
		9AFFA50B1BC7CBEC00B63C58 /* Resources */ = {
			isa = PBXResourcesBuildPhase;
			buildActionMask = 2147483647;
			files = (
			);
			runOnlyForDeploymentPostprocessing = 0;
		};
/* End PBXResourcesBuildPhase section */

/* Begin PBXSourcesBuildPhase section */
		9A0D9A711C76AB9A0013C976 /* Sources */ = {
			isa = PBXSourcesBuildPhase;
			buildActionMask = 2147483647;
			files = (
				9AD114841D1CF1210067F20C /* ExistentialCollections.swift in Sources */,
				9ACB1FB51CDC69A20010555B /* ReactiveSetEvent.swift in Sources */,
				9A7A7B211CE381DB0030674B /* EditorPool.swift in Sources */,
				9ACB1FB91CDC69A20010555B /* NSObject+Extension.swift in Sources */,
				9A0D9A851C76ABD30013C976 /* ExistentialCollections+Private.swift in Sources */,
				9A0D9A861C76ABD30013C976 /* ReactiveArray.swift in Sources */,
				9A2CFDAF1D81C4040051B1DD /* FlattenSectionedCollection.swift in Sources */,
				9ACB1FB21CDC698A0010555B /* Foundation+Extension.swift in Sources */,
				9AE44A501D7451A80000CB17 /* NSTableViewAdapter.swift in Sources */,
				9A0D9A881C76ABD30013C976 /* SectionedCollection.swift in Sources */,
				9AE44A791D775CC80000CB17 /* NSCollectionViewAdapter.swift in Sources */,
				9A0D9A891C76ABD30013C976 /* ObjectSet.swift in Sources */,
				9A36ADEF1CCCAE44001D4449 /* ReactiveCocoa+Additions.swift in Sources */,
				9ACB1FB41CDC698A0010555B /* StdlibCollections+Extension.swift in Sources */,
				9A0D9A8A1C76ABD30013C976 /* ViewModel.swift in Sources */,
				9A2D52C21D179CC900FEBC05 /* ManagedObjectID.swift in Sources */,
				9A0D9A8B1C76ABD30013C976 /* ViewModelMappingSet.swift in Sources */,
				9A0D9A8C1C76ABD30013C976 /* StdlibCollections+PrivateExtension.swift in Sources */,
				9A0D9A8D1C76ABD30013C976 /* CocoaBridgeable.swift in Sources */,
				9A999FDB1CD64E3A009AA161 /* Editor.swift in Sources */,
				9A0D9A8E1C76ABD30013C976 /* ManagedObjectContext+Extension.swift in Sources */,
				9A0D9A8F1C76ABD30013C976 /* ObjectQuery.swift in Sources */,
				9A0D9A901C76ABD30013C976 /* ManagedObject+Extension.swift in Sources */,
				9A0D9A971C76ABD30013C976 /* Assertions.swift in Sources */,
				9A0D9A981C76ABD30013C976 /* Base.swift in Sources */,
				9A511A3E1CDE47850098D30B /* ObjectSetPrefetcher.swift in Sources */,
				9A0D9A9A1C76ABD30013C976 /* NSManagedObjectContext+Additions.m in Sources */,
			);
			runOnlyForDeploymentPostprocessing = 0;
		};
		9AD7A1FE1DA1338E00EAA24A /* Sources */ = {
			isa = PBXSourcesBuildPhase;
			buildActionMask = 2147483647;
			files = (
			);
			runOnlyForDeploymentPostprocessing = 0;
		};
		9AD7A20D1DA133D200EAA24A /* Sources */ = {
			isa = PBXSourcesBuildPhase;
			buildActionMask = 2147483647;
			files = (
			);
			runOnlyForDeploymentPostprocessing = 0;
		};
		9AFFA5081BC7CBEC00B63C58 /* Sources */ = {
			isa = PBXSourcesBuildPhase;
			buildActionMask = 2147483647;
			files = (
				9AE44A4D1D74519D0000CB17 /* UIKit+Additions.swift in Sources */,
				9A39A6701BC958E100FC86E1 /* ManagedObject+Extension.swift in Sources */,
				9A2997FB1C510BE900801A30 /* Base.swift in Sources */,
				9AD114831D1CF1210067F20C /* ExistentialCollections.swift in Sources */,
				9A2D52C11D179CC900FEBC05 /* ManagedObjectID.swift in Sources */,
				9ACB1FB11CDC698A0010555B /* Foundation+Extension.swift in Sources */,
				9A2997E71C510BAD00801A30 /* ExistentialCollections+Private.swift in Sources */,
				9A2997FA1C510BE900801A30 /* Assertions.swift in Sources */,
				9A2CFDAE1D81C4040051B1DD /* FlattenSectionedCollection.swift in Sources */,
				9A5577A01C1EBC7F00789E02 /* NSManagedObjectContext+Additions.m in Sources */,
				9ACB1FAC1CDC69720010555B /* ReactiveSetEvent.swift in Sources */,
				9A2997E81C510BAD00801A30 /* ReactiveArray.swift in Sources */,
				9A2997F31C510BD100801A30 /* ManagedObjectContext+Extension.swift in Sources */,
				9A7A7B201CE381DB0030674B /* EditorPool.swift in Sources */,
				9AE44A4C1D74519D0000CB17 /* UITableViewAdapter.swift in Sources */,
				9A8C41AF1C495B50002BDBEE /* ViewModel.swift in Sources */,
				9A141A3E1C495E500049BEC9 /* ViewModelMappingSet.swift in Sources */,
				9A39A6781BC958E100FC86E1 /* ObjectSet.swift in Sources */,
				9A511A3D1CDE47850098D30B /* ObjectSetPrefetcher.swift in Sources */,
				9A2997F61C510BDB00801A30 /* NSObject+Extension.swift in Sources */,
				9AE44A4E1D74519D0000CB17 /* UIKit+Editable.swift in Sources */,
				9A36ADEE1CCCAE44001D4449 /* ReactiveCocoa+Additions.swift in Sources */,
				9A2997F21C510BD100801A30 /* CocoaBridgeable.swift in Sources */,
				9A2997ED1C510BB700801A30 /* StdlibCollections+PrivateExtension.swift in Sources */,
				9AE44A4B1D74519D0000CB17 /* UICollectionViewAdapter.swift in Sources */,
				9ACB1FB31CDC698A0010555B /* StdlibCollections+Extension.swift in Sources */,
				9A2997EA1C510BAD00801A30 /* SectionedCollection.swift in Sources */,
				9A2997F41C510BD100801A30 /* ObjectQuery.swift in Sources */,
				9A999FDA1CD64E3A009AA161 /* Editor.swift in Sources */,
			);
			runOnlyForDeploymentPostprocessing = 0;
		};
/* End PBXSourcesBuildPhase section */

/* Begin PBXTargetDependency section */
		9AD7A2091DA1338E00EAA24A /* PBXTargetDependency */ = {
			isa = PBXTargetDependency;
			target = 9A0D9A751C76AB9A0013C976 /* MantleData-macOS */;
			targetProxy = 9AD7A2081DA1338E00EAA24A /* PBXContainerItemProxy */;
		};
		9AD7A2181DA133D200EAA24A /* PBXTargetDependency */ = {
			isa = PBXTargetDependency;
			target = 9AFFA50C1BC7CBEC00B63C58 /* MantleData-iOS */;
			targetProxy = 9AD7A2171DA133D200EAA24A /* PBXContainerItemProxy */;
		};
/* End PBXTargetDependency section */

/* Begin XCBuildConfiguration section */
		9A0D9A7B1C76AB9A0013C976 /* Debug */ = {
			isa = XCBuildConfiguration;
			buildSettings = {
				CODE_SIGN_IDENTITY = "-";
				COMBINE_HIDPI_IMAGES = YES;
				DEFINES_MODULE = YES;
				DYLIB_COMPATIBILITY_VERSION = 1;
				DYLIB_CURRENT_VERSION = 1;
				DYLIB_INSTALL_NAME_BASE = "@rpath";
				FRAMEWORK_SEARCH_PATHS = (
					"$(inherited)",
					"$(PROJECT_DIR)/Carthage/Checkouts/ReactiveCocoa/build/Debug",
					"$(PROJECT_DIR)/Carthage/Checkouts/Result/build/Debug",
					"$(PROJECT_DIR)/Carthage/Checkouts/ReactiveSwift/build/Debug-iphoneos",
					"$(PROJECT_DIR)/Carthage/Checkouts/ReactiveSwift/build/Debug",
				);
				FRAMEWORK_VERSION = A;
				INFOPLIST_FILE = "$(SRCROOT)/macOS/Info.plist";
				INSTALL_PATH = "$(LOCAL_LIBRARY_DIR)/Frameworks";
				LD_RUNPATH_SEARCH_PATHS = "$(inherited) @executable_path/../Frameworks @loader_path/Frameworks";
				MACOSX_DEPLOYMENT_TARGET = 10.12;
				PRODUCT_BUNDLE_IDENTIFIER = com.andersio.MantleData;
				PRODUCT_NAME = MantleData;
				SDKROOT = macosx;
				SKIP_INSTALL = YES;
			};
			name = Debug;
		};
		9A0D9A7C1C76AB9A0013C976 /* Release */ = {
			isa = XCBuildConfiguration;
			buildSettings = {
				CODE_SIGN_IDENTITY = "-";
				COMBINE_HIDPI_IMAGES = YES;
				DEFINES_MODULE = YES;
				DYLIB_COMPATIBILITY_VERSION = 1;
				DYLIB_CURRENT_VERSION = 1;
				DYLIB_INSTALL_NAME_BASE = "@rpath";
				FRAMEWORK_SEARCH_PATHS = (
					"$(inherited)",
					"$(PROJECT_DIR)/Carthage/Checkouts/ReactiveCocoa/build/Debug",
					"$(PROJECT_DIR)/Carthage/Checkouts/Result/build/Debug",
					"$(PROJECT_DIR)/Carthage/Checkouts/ReactiveSwift/build/Debug-iphoneos",
					"$(PROJECT_DIR)/Carthage/Checkouts/ReactiveSwift/build/Debug",
				);
				FRAMEWORK_VERSION = A;
				GCC_OPTIMIZATION_LEVEL = fast;
				INFOPLIST_FILE = "$(SRCROOT)/macOS/Info.plist";
				INSTALL_PATH = "$(LOCAL_LIBRARY_DIR)/Frameworks";
				LD_RUNPATH_SEARCH_PATHS = "$(inherited) @executable_path/../Frameworks @loader_path/Frameworks";
				MACOSX_DEPLOYMENT_TARGET = 10.12;
				PRODUCT_BUNDLE_IDENTIFIER = com.andersio.MantleData;
				PRODUCT_NAME = MantleData;
				SDKROOT = macosx;
				SKIP_INSTALL = YES;
			};
			name = Release;
		};
		9AD7A20B1DA1338E00EAA24A /* Debug */ = {
			isa = XCBuildConfiguration;
			buildSettings = {
				CLANG_ANALYZER_NONNULL = YES;
				CLANG_WARN_DOCUMENTATION_COMMENTS = YES;
				CLANG_WARN_INFINITE_RECURSION = YES;
				CLANG_WARN_SUSPICIOUS_MOVES = YES;
				CODE_SIGN_IDENTITY = "-";
				COMBINE_HIDPI_IMAGES = YES;
				DEVELOPMENT_TEAM = 5FQJ4FWHM9;
				INFOPLIST_FILE = MantleDataTests/Info.plist;
				LD_RUNPATH_SEARCH_PATHS = "$(inherited) @executable_path/../Frameworks @loader_path/../Frameworks";
				MACOSX_DEPLOYMENT_TARGET = 10.12;
				PRODUCT_BUNDLE_IDENTIFIER = com.andersio.MantleDataTests;
				PRODUCT_NAME = "$(TARGET_NAME)";
				SDKROOT = macosx;
				SWIFT_ACTIVE_COMPILATION_CONDITIONS = DEBUG;
				SWIFT_VERSION = 3.0;
			};
			name = Debug;
		};
		9AD7A20C1DA1338E00EAA24A /* Release */ = {
			isa = XCBuildConfiguration;
			buildSettings = {
				CLANG_ANALYZER_NONNULL = YES;
				CLANG_WARN_DOCUMENTATION_COMMENTS = YES;
				CLANG_WARN_INFINITE_RECURSION = YES;
				CLANG_WARN_SUSPICIOUS_MOVES = YES;
				CODE_SIGN_IDENTITY = "-";
				COMBINE_HIDPI_IMAGES = YES;
				DEVELOPMENT_TEAM = 5FQJ4FWHM9;
				INFOPLIST_FILE = MantleDataTests/Info.plist;
				LD_RUNPATH_SEARCH_PATHS = "$(inherited) @executable_path/../Frameworks @loader_path/../Frameworks";
				MACOSX_DEPLOYMENT_TARGET = 10.12;
				PRODUCT_BUNDLE_IDENTIFIER = com.andersio.MantleDataTests;
				PRODUCT_NAME = "$(TARGET_NAME)";
				SDKROOT = macosx;
				SWIFT_VERSION = 3.0;
			};
			name = Release;
		};
		9AD7A21A1DA133D200EAA24A /* Debug */ = {
			isa = XCBuildConfiguration;
			buildSettings = {
				CLANG_ANALYZER_NONNULL = YES;
				CLANG_WARN_DOCUMENTATION_COMMENTS = YES;
				CLANG_WARN_INFINITE_RECURSION = YES;
				CLANG_WARN_SUSPICIOUS_MOVES = YES;
				DEVELOPMENT_TEAM = 5FQJ4FWHM9;
				INFOPLIST_FILE = MantleDataTests/Info.plist;
				LD_RUNPATH_SEARCH_PATHS = "$(inherited) @executable_path/Frameworks @loader_path/Frameworks";
				PRODUCT_BUNDLE_IDENTIFIER = com.andersio.MantleDataTests;
				PRODUCT_NAME = "$(TARGET_NAME)";
				SWIFT_ACTIVE_COMPILATION_CONDITIONS = DEBUG;
				SWIFT_VERSION = 3.0;
			};
			name = Debug;
		};
		9AD7A21B1DA133D200EAA24A /* Release */ = {
			isa = XCBuildConfiguration;
			buildSettings = {
				CLANG_ANALYZER_NONNULL = YES;
				CLANG_WARN_DOCUMENTATION_COMMENTS = YES;
				CLANG_WARN_INFINITE_RECURSION = YES;
				CLANG_WARN_SUSPICIOUS_MOVES = YES;
				DEVELOPMENT_TEAM = 5FQJ4FWHM9;
				INFOPLIST_FILE = MantleDataTests/Info.plist;
				LD_RUNPATH_SEARCH_PATHS = "$(inherited) @executable_path/Frameworks @loader_path/Frameworks";
				PRODUCT_BUNDLE_IDENTIFIER = com.andersio.MantleDataTests;
				PRODUCT_NAME = "$(TARGET_NAME)";
				SWIFT_VERSION = 3.0;
			};
			name = Release;
		};
		9AFFA51F1BC7CBEC00B63C58 /* Debug */ = {
			isa = XCBuildConfiguration;
			buildSettings = {
				ALWAYS_SEARCH_USER_PATHS = NO;
				CLANG_CXX_LANGUAGE_STANDARD = "gnu++0x";
				CLANG_CXX_LIBRARY = "libc++";
				CLANG_ENABLE_MODULES = YES;
				CLANG_ENABLE_OBJC_ARC = YES;
				CLANG_WARN_BOOL_CONVERSION = YES;
				CLANG_WARN_CONSTANT_CONVERSION = YES;
				CLANG_WARN_DIRECT_OBJC_ISA_USAGE = YES_ERROR;
				CLANG_WARN_EMPTY_BODY = YES;
				CLANG_WARN_ENUM_CONVERSION = YES;
				CLANG_WARN_INT_CONVERSION = YES;
				CLANG_WARN_OBJC_ROOT_CLASS = YES_ERROR;
				CLANG_WARN_UNREACHABLE_CODE = YES;
				CLANG_WARN__DUPLICATE_METHOD_MATCH = YES;
				"CODE_SIGN_IDENTITY[sdk=iphoneos*]" = "iPhone Developer";
				COPY_PHASE_STRIP = NO;
				CURRENT_PROJECT_VERSION = 1;
				DEBUG_INFORMATION_FORMAT = dwarf;
				ENABLE_STRICT_OBJC_MSGSEND = YES;
				ENABLE_TESTABILITY = YES;
				GCC_C_LANGUAGE_STANDARD = gnu99;
				GCC_DYNAMIC_NO_PIC = NO;
				GCC_NO_COMMON_BLOCKS = YES;
				GCC_OPTIMIZATION_LEVEL = 0;
				GCC_PREPROCESSOR_DEFINITIONS = (
					"DEBUG=1",
					"$(inherited)",
				);
				GCC_WARN_64_TO_32_BIT_CONVERSION = YES;
				GCC_WARN_ABOUT_MISSING_NEWLINE = YES;
				GCC_WARN_ABOUT_RETURN_TYPE = YES_ERROR;
				GCC_WARN_UNDECLARED_SELECTOR = YES;
				GCC_WARN_UNINITIALIZED_AUTOS = YES_AGGRESSIVE;
				GCC_WARN_UNUSED_FUNCTION = YES;
				GCC_WARN_UNUSED_VARIABLE = YES;
				IPHONEOS_DEPLOYMENT_TARGET = 10.0;
				MTL_ENABLE_DEBUG_INFO = YES;
				ONLY_ACTIVE_ARCH = YES;
				SDKROOT = iphoneos;
				SWIFT_OPTIMIZATION_LEVEL = "-Onone";
				SWIFT_VERSION = 3.0;
				TARGETED_DEVICE_FAMILY = "1,2";
				VERSIONING_SYSTEM = "apple-generic";
				VERSION_INFO_PREFIX = "";
			};
			name = Debug;
		};
		9AFFA5201BC7CBEC00B63C58 /* Release */ = {
			isa = XCBuildConfiguration;
			buildSettings = {
				ALWAYS_SEARCH_USER_PATHS = NO;
				CLANG_CXX_LANGUAGE_STANDARD = "gnu++0x";
				CLANG_CXX_LIBRARY = "libc++";
				CLANG_ENABLE_MODULES = YES;
				CLANG_ENABLE_OBJC_ARC = YES;
				CLANG_WARN_BOOL_CONVERSION = YES;
				CLANG_WARN_CONSTANT_CONVERSION = YES;
				CLANG_WARN_DIRECT_OBJC_ISA_USAGE = YES_ERROR;
				CLANG_WARN_EMPTY_BODY = YES;
				CLANG_WARN_ENUM_CONVERSION = YES;
				CLANG_WARN_INT_CONVERSION = YES;
				CLANG_WARN_OBJC_ROOT_CLASS = YES_ERROR;
				CLANG_WARN_UNREACHABLE_CODE = YES;
				CLANG_WARN__DUPLICATE_METHOD_MATCH = YES;
				"CODE_SIGN_IDENTITY[sdk=iphoneos*]" = "iPhone Developer";
				COPY_PHASE_STRIP = NO;
				CURRENT_PROJECT_VERSION = 1;
				DEBUG_INFORMATION_FORMAT = "dwarf-with-dsym";
				ENABLE_NS_ASSERTIONS = NO;
				ENABLE_STRICT_OBJC_MSGSEND = YES;
				GCC_C_LANGUAGE_STANDARD = gnu99;
				GCC_NO_COMMON_BLOCKS = YES;
				GCC_OPTIMIZATION_LEVEL = fast;
				GCC_WARN_64_TO_32_BIT_CONVERSION = YES;
				GCC_WARN_ABOUT_MISSING_NEWLINE = YES;
				GCC_WARN_ABOUT_RETURN_TYPE = YES_ERROR;
				GCC_WARN_UNDECLARED_SELECTOR = YES;
				GCC_WARN_UNINITIALIZED_AUTOS = YES_AGGRESSIVE;
				GCC_WARN_UNUSED_FUNCTION = YES;
				GCC_WARN_UNUSED_VARIABLE = YES;
				IPHONEOS_DEPLOYMENT_TARGET = 10.0;
				MTL_ENABLE_DEBUG_INFO = NO;
				SDKROOT = iphoneos;
				SWIFT_OPTIMIZATION_LEVEL = "-Owholemodule";
				SWIFT_VERSION = 3.0;
				TARGETED_DEVICE_FAMILY = "1,2";
				VALIDATE_PRODUCT = YES;
				VERSIONING_SYSTEM = "apple-generic";
				VERSION_INFO_PREFIX = "";
			};
			name = Release;
		};
		9AFFA5221BC7CBEC00B63C58 /* Debug */ = {
			isa = XCBuildConfiguration;
			buildSettings = {
				CLANG_ENABLE_MODULES = YES;
				CLANG_ENABLE_MODULE_DEBUGGING = NO;
				CODE_SIGN_IDENTITY = "iPhone Developer";
				DEFINES_MODULE = YES;
				DYLIB_COMPATIBILITY_VERSION = 1;
				DYLIB_CURRENT_VERSION = 1;
				DYLIB_INSTALL_NAME_BASE = "@rpath";
				FRAMEWORK_SEARCH_PATHS = (
					"$(inherited)",
					"$(PROJECT_DIR)/Carthage/Checkouts/ReactiveSwift/build/Debug-iphoneos",
				);
				INFOPLIST_FILE = "$(SRCROOT)/iOS/Info.plist";
				INSTALL_PATH = "$(LOCAL_LIBRARY_DIR)/Frameworks";
				IPHONEOS_DEPLOYMENT_TARGET = 10.0;
				LD_RUNPATH_SEARCH_PATHS = "$(inherited) @executable_path/Frameworks @loader_path/Frameworks";
				PRODUCT_BUNDLE_IDENTIFIER = com.andersio.MantleData;
				PRODUCT_MODULE_NAME = "$(PRODUCT_NAME:c99extidentifier)";
				PRODUCT_NAME = MantleData;
				SKIP_INSTALL = YES;
			};
			name = Debug;
		};
		9AFFA5231BC7CBEC00B63C58 /* Release */ = {
			isa = XCBuildConfiguration;
			buildSettings = {
				CLANG_ENABLE_MODULES = YES;
				CLANG_ENABLE_MODULE_DEBUGGING = NO;
				CODE_SIGN_IDENTITY = "iPhone Developer";
				DEFINES_MODULE = YES;
				DYLIB_COMPATIBILITY_VERSION = 1;
				DYLIB_CURRENT_VERSION = 1;
				DYLIB_INSTALL_NAME_BASE = "@rpath";
				FRAMEWORK_SEARCH_PATHS = (
					"$(inherited)",
					"$(PROJECT_DIR)/Carthage/Checkouts/ReactiveSwift/build/Debug-iphoneos",
				);
				INFOPLIST_FILE = "$(SRCROOT)/iOS/Info.plist";
				INSTALL_PATH = "$(LOCAL_LIBRARY_DIR)/Frameworks";
				IPHONEOS_DEPLOYMENT_TARGET = 10.0;
				LD_RUNPATH_SEARCH_PATHS = "$(inherited) @executable_path/Frameworks @loader_path/Frameworks";
				PRODUCT_BUNDLE_IDENTIFIER = com.andersio.MantleData;
				PRODUCT_MODULE_NAME = "$(PRODUCT_NAME:c99extidentifier)";
				PRODUCT_NAME = MantleData;
				SKIP_INSTALL = YES;
			};
			name = Release;
		};
/* End XCBuildConfiguration section */

/* Begin XCConfigurationList section */
		9A0D9A7D1C76AB9A0013C976 /* Build configuration list for PBXNativeTarget "MantleData-macOS" */ = {
			isa = XCConfigurationList;
			buildConfigurations = (
				9A0D9A7B1C76AB9A0013C976 /* Debug */,
				9A0D9A7C1C76AB9A0013C976 /* Release */,
			);
			defaultConfigurationIsVisible = 0;
			defaultConfigurationName = Release;
		};
		9AD7A20A1DA1338E00EAA24A /* Build configuration list for PBXNativeTarget "MantleDataTests-macOS" */ = {
			isa = XCConfigurationList;
			buildConfigurations = (
				9AD7A20B1DA1338E00EAA24A /* Debug */,
				9AD7A20C1DA1338E00EAA24A /* Release */,
			);
			defaultConfigurationIsVisible = 0;
		};
		9AD7A2191DA133D200EAA24A /* Build configuration list for PBXNativeTarget "MantleDataTests-iOS" */ = {
			isa = XCConfigurationList;
			buildConfigurations = (
				9AD7A21A1DA133D200EAA24A /* Debug */,
				9AD7A21B1DA133D200EAA24A /* Release */,
			);
			defaultConfigurationIsVisible = 0;
		};
		9AFFA5071BC7CBEC00B63C58 /* Build configuration list for PBXProject "MantleData" */ = {
			isa = XCConfigurationList;
			buildConfigurations = (
				9AFFA51F1BC7CBEC00B63C58 /* Debug */,
				9AFFA5201BC7CBEC00B63C58 /* Release */,
			);
			defaultConfigurationIsVisible = 0;
			defaultConfigurationName = Release;
		};
		9AFFA5211BC7CBEC00B63C58 /* Build configuration list for PBXNativeTarget "MantleData-iOS" */ = {
			isa = XCConfigurationList;
			buildConfigurations = (
				9AFFA5221BC7CBEC00B63C58 /* Debug */,
				9AFFA5231BC7CBEC00B63C58 /* Release */,
			);
			defaultConfigurationIsVisible = 0;
			defaultConfigurationName = Release;
		};
/* End XCConfigurationList section */
	};
	rootObject = 9AFFA5041BC7CBEC00B63C58 /* Project object */;
}
